{
  "lockfileVersion": 1,
  "configVersion": 1,
  "workspaces": {
    "": {
      "name": "turbo-prune-bun-nested-major-mismatch",
      "dependencies": {
        "bs58": "5.0.0",
      },
      "devDependencies": {
        "turbo": "2.9.15",
      },
    },
    "apps/app": {
      "name": "@repro/app",
      "version": "0.0.0",
      "dependencies": {
        "@repro/lib": "workspace:*",
        "bs58": "6.0.0",
      },
    },
    "packages/lib": {
      "name": "@repro/lib",
      "version": "0.0.0",
      "dependencies": {
        "bs58": "5.0.0",
      },
    },
  },
  "packages": {
    "@repro/app": ["@repro/app@workspace:apps/app"],

    "@repro/lib": ["@repro/lib@workspace:packages/lib"],

    "@turbo/darwin-64": ["@turbo/darwin-64@2.9.15", "", { "os": "darwin", "cpu": "x64" }, "sha512-nnDo9R1Df+s2x6jxlERtbg7xRpuicf8p4J2krcnjeaMBt3q9V41pGXa4t9YM2Y4ozozsVJ+CH405CJUrWIQK4Q=="],

    "@turbo/darwin-arm64": ["@turbo/darwin-arm64@2.9.15", "", { "os": "darwin", "cpu": "arm64" }, "sha512-fDSx56oqoFuS+yUQw7hqjQTkjrSLdMcplhuLC8HcSkWC6YrpwEmUUYsPYHPxy4ALvLxnmPQuk6XoSD8tdkjP+g=="],

    "@turbo/linux-64": ["@turbo/linux-64@2.9.15", "", { "os": "linux", "cpu": "x64" }, "sha512-/bmxn+x/xE+oh0VzEXt/zf2zsORAYZPrL3db5/VrXzYt0Z4wxcvffwJBGlSfla2smfS1BLGBiyWldJlWDXJVXA=="],

    "@turbo/linux-arm64": ["@turbo/linux-arm64@2.9.15", "", { "os": "linux", "cpu": "arm64" }, "sha512-cbOaDe1ijz5As+mimOOHgmRMolZZZO7miNBHHp5xdiYMm2Q/Dwu1JVLx/Kw4s7xjocG/oEoHrpHrxpEAIEfNiw=="],

    "@turbo/windows-64": ["@turbo/windows-64@2.9.15", "", { "os": "win32", "cpu": "x64" }, "sha512-/Fzm7afui7uK7dFBwrTXKuDhBBTiHk5I+hMVAPMR7cqQyDo2norCNUsN9PdNuYcmzYbhSOxzz498wQYvSAz29w=="],

    "@turbo/windows-arm64": ["@turbo/windows-arm64@2.9.15", "", { "os": "win32", "cpu": "arm64" }, "sha512-fOHEsLcqVdFXLw2ApWv4gxwfHzkUnpo9rHGml+9+dyHj148m/Bc+556kEvb5+4u6prI1LMd8zEZE2HcO6Jn2VQ=="],

    "base-x": ["base-x@4.0.1", "", {}, "sha512-uAZ8x6r6S3aUM9rbHGVOIsR15U/ZSc82b3ymnCPsT45Gk1DDvhDPdIgB5MrhirZWt+5K0EEPQH985kNqZgNPFw=="],

    "bs58": ["bs58@5.0.0", "", { "dependencies": { "base-x": "^4.0.0" } }, "sha512-r+ihvQJvahgYT50JD05dyJNKlmmSlMoOGwn1lCcEzanPglg7TxYjioQUYehQ9mAR/+hOSd2jRc/Z2y5UxBymvQ=="],

    "turbo": ["turbo@2.9.15", "", { "optionalDependencies": { "@turbo/darwin-64": "2.9.15", "@turbo/darwin-arm64": "2.9.15", "@turbo/linux-64": "2.9.15", "@turbo/linux-arm64": "2.9.15", "@turbo/windows-64": "2.9.15", "@turbo/windows-arm64": "2.9.15" }, "bin": { "turbo": "bin/turbo" } }, "sha512-VpKvD9Z0Hu/xrGUAYX1wnhfpqv835wIwGqeKfulvBPTOcDap0E3nFwyzCAVV85fB1sBcBDEfTP+7FSW7GzwWSQ=="],

    "@repro/app/bs58": ["bs58@6.0.0", "", { "dependencies": { "base-x": "^5.0.0" } }, "sha512-PD0wEnEYg6ijszw/u8s+iI3H17cTymlrwkKhDhPZq+Sokl3AU4htyBFTjAeNAlCCmg0f53g6ih3jATyCKftTfw=="],

    "@repro/app/bs58/base-x": ["base-x@5.0.1", "", {}, "sha512-M7uio8Zt++eg3jPj+rHMfCC+IuygQHHCOU+IYsVtik6FWjuYpVt/+MRKcgsAMHh8mMFAwnB+Bs+mTrFiXjMzKg=="],
  }
}
